{
  "name": "gs-tools2",
  "version": "0.0.1",
  "lockfileVersion": 1,
  "requires": true,
  "dependencies": {
    "gs-tools": {
      "version": "0.0.1",
      "resolved": "https://registry.npmjs.org/gs-tools/-/gs-tools-0.0.1.tgz",
      "integrity": "sha512-t1hc85mYRYMOnUm8XpG1RZpPlaIjnhUyKdKX8+iVUtPhrsdzDpPXHzaZgkSH55fillnxwmAL8yiu79J26QrnTw=="
    }
  }
}
